// !$*UTF8*$!
{
	archiveVersion = 1;
	classes = {
	};
	objectVersion = 55;
	objects = {

/* Begin PBXBuildFile section */
		52D56F4A761C4A9A2E807C89 /* Pods_KocSistemDemo.framework in Frameworks */ = {isa = PBXBuildFile; fileRef = E0BBE9BD3DE75EEDEF7558ED /* Pods_KocSistemDemo.framework */; };
		EA8208E9280AC602003975F4 /* AppDelegate.swift in Sources */ = {isa = PBXBuildFile; fileRef = EA8208E8280AC602003975F4 /* AppDelegate.swift */; };
		EA8208EB280AC602003975F4 /* SceneDelegate.swift in Sources */ = {isa = PBXBuildFile; fileRef = EA8208EA280AC602003975F4 /* SceneDelegate.swift */; };
		EA8208ED280AC602003975F4 /* FirstViewController.swift in Sources */ = {isa = PBXBuildFile; fileRef = EA8208EC280AC602003975F4 /* FirstViewController.swift */; };
		EA8208F0280AC602003975F4 /* Main.storyboard in Resources */ = {isa = PBXBuildFile; fileRef = EA8208EE280AC602003975F4 /* Main.storyboard */; };
		EA8208F2280AC604003975F4 /* Assets.xcassets in Resources */ = {isa = PBXBuildFile; fileRef = EA8208F1280AC604003975F4 /* Assets.xcassets */; };
		EA8208F5280AC604003975F4 /* LaunchScreen.storyboard in Resources */ = {isa = PBXBuildFile; fileRef = EA8208F3280AC604003975F4 /* LaunchScreen.storyboard */; };
		EA8208FF280AC9D2003975F4 /* SecondViewController.swift in Sources */ = {isa = PBXBuildFile; fileRef = EA8208FE280AC9D2003975F4 /* SecondViewController.swift */; };
		EA820901280AC9E0003975F4 /* ThirdViewController.swift in Sources */ = {isa = PBXBuildFile; fileRef = EA820900280AC9E0003975F4 /* ThirdViewController.swift */; };
		EA820903280AC9FF003975F4 /* FourthViewController.swift in Sources */ = {isa = PBXBuildFile; fileRef = EA820902280AC9FF003975F4 /* FourthViewController.swift */; };
		EA906316280ACC6100DF43D1 /* Service.swift in Sources */ = {isa = PBXBuildFile; fileRef = EA906315280ACC6100DF43D1 /* Service.swift */; };
		EA906318280ACF4F00DF43D1 /* TrackResponse.swift in Sources */ = {isa = PBXBuildFile; fileRef = EA906317280ACF4F00DF43D1 /* TrackResponse.swift */; };
		EA90631C280AD75700DF43D1 /* FirstViewModel.swift in Sources */ = {isa = PBXBuildFile; fileRef = EA90631B280AD75600DF43D1 /* FirstViewModel.swift */; };
		EA90631E280ADA1E00DF43D1 /* Extensions.swift in Sources */ = {isa = PBXBuildFile; fileRef = EA90631D280ADA1E00DF43D1 /* Extensions.swift */; };
		EA906322280ADDA400DF43D1 /* FirstTableViewCell.swift in Sources */ = {isa = PBXBuildFile; fileRef = EA906320280ADDA400DF43D1 /* FirstTableViewCell.swift */; };
		EA906323280ADDA400DF43D1 /* FirstTableViewCell.xib in Resources */ = {isa = PBXBuildFile; fileRef = EA906321280ADDA400DF43D1 /* FirstTableViewCell.xib */; };
		EA906326280AE2EB00DF43D1 /* NavBarView.swift in Sources */ = {isa = PBXBuildFile; fileRef = EA906325280AE2EB00DF43D1 /* NavBarView.swift */; };
		EA906328280AE30300DF43D1 /* NavBarView.xib in Resources */ = {isa = PBXBuildFile; fileRef = EA906327280AE30300DF43D1 /* NavBarView.xib */; };
		EA90632A280AE64E00DF43D1 /* XibView.swift in Sources */ = {isa = PBXBuildFile; fileRef = EA906329280AE64E00DF43D1 /* XibView.swift */; };
		EA90632C280AEC9000DF43D1 /* SecondViewModel.swift in Sources */ = {isa = PBXBuildFile; fileRef = EA90632B280AEC9000DF43D1 /* SecondViewModel.swift */; };
		EA90632F280AF1CC00DF43D1 /* SecondTableViewCell.swift in Sources */ = {isa = PBXBuildFile; fileRef = EA90632D280AF1CB00DF43D1 /* SecondTableViewCell.swift */; };
		EA906330280AF1CC00DF43D1 /* SecondTableViewCell.xib in Resources */ = {isa = PBXBuildFile; fileRef = EA90632E280AF1CB00DF43D1 /* SecondTableViewCell.xib */; };
		EA906332280AF50300DF43D1 /* ThirdViewModel.swift in Sources */ = {isa = PBXBuildFile; fileRef = EA906331280AF50300DF43D1 /* ThirdViewModel.swift */; };
		EA906335280AF78300DF43D1 /* ThirdCollectionViewCell.swift in Sources */ = {isa = PBXBuildFile; fileRef = EA906333280AF78300DF43D1 /* ThirdCollectionViewCell.swift */; };
		EA906336280AF78300DF43D1 /* ThirdCollectionViewCell.xib in Resources */ = {isa = PBXBuildFile; fileRef = EA906334280AF78300DF43D1 /* ThirdCollectionViewCell.xib */; };
		EA906338280AFF6A00DF43D1 /* FourtViewModel.swift in Sources */ = {isa = PBXBuildFile; fileRef = EA906337280AFF6A00DF43D1 /* FourtViewModel.swift */; };
		EA90633B280B033A00DF43D1 /* FourthCollectionViewCell.swift in Sources */ = {isa = PBXBuildFile; fileRef = EA906339280B033A00DF43D1 /* FourthCollectionViewCell.swift */; };
		EA90633C280B033A00DF43D1 /* FourthCollectionViewCell.xib in Resources */ = {isa = PBXBuildFile; fileRef = EA90633A280B033A00DF43D1 /* FourthCollectionViewCell.xib */; };
		EA90633E280B170600DF43D1 /* CellCustomView.swift in Sources */ = {isa = PBXBuildFile; fileRef = EA90633D280B170600DF43D1 /* CellCustomView.swift */; };
		EA906340280B171200DF43D1 /* CellCustomView.xib in Resources */ = {isa = PBXBuildFile; fileRef = EA90633F280B171200DF43D1 /* CellCustomView.xib */; };
		EA906342280B524300DF43D1 /* Detail.storyboard in Resources */ = {isa = PBXBuildFile; fileRef = EA906341280B524300DF43D1 /* Detail.storyboard */; };
		EA906344280B526800DF43D1 /* DetailViewController.swift in Sources */ = {isa = PBXBuildFile; fileRef = EA906343280B526800DF43D1 /* DetailViewController.swift */; };
/* End PBXBuildFile section */

/* Begin PBXFileReference section */
		B5C087FD1BC14CA7EC0541B4 /* Pods-KocSistemDemo.debug.xcconfig */ = {isa = PBXFileReference; includeInIndex = 1; lastKnownFileType = text.xcconfig; name = "Pods-KocSistemDemo.debug.xcconfig"; path = "Target Support Files/Pods-KocSistemDemo/Pods-KocSistemDemo.debug.xcconfig"; sourceTree = "<group>"; };
		E0BBE9BD3DE75EEDEF7558ED /* Pods_KocSistemDemo.framework */ = {isa = PBXFileReference; explicitFileType = wrapper.framework; includeInIndex = 0; path = Pods_KocSistemDemo.framework; sourceTree = BUILT_PRODUCTS_DIR; };
		E3A0C92E05FBD034B5B59DBF /* Pods-KocSistemDemo.release.xcconfig */ = {isa = PBXFileReference; includeInIndex = 1; lastKnownFileType = text.xcconfig; name = "Pods-KocSistemDemo.release.xcconfig"; path = "Target Support Files/Pods-KocSistemDemo/Pods-KocSistemDemo.release.xcconfig"; sourceTree = "<group>"; };
		EA8208E5280AC602003975F4 /* KocSistemDemo.app */ = {isa = PBXFileReference; explicitFileType = wrapper.application; includeInIndex = 0; path = KocSistemDemo.app; sourceTree = BUILT_PRODUCTS_DIR; };
		EA8208E8280AC602003975F4 /* AppDelegate.swift */ = {isa = PBXFileReference; lastKnownFileType = sourcecode.swift; path = AppDelegate.swift; sourceTree = "<group>"; };
		EA8208EA280AC602003975F4 /* SceneDelegate.swift */ = {isa = PBXFileReference; lastKnownFileType = sourcecode.swift; path = SceneDelegate.swift; sourceTree = "<group>"; };
		EA8208EC280AC602003975F4 /* FirstViewController.swift */ = {isa = PBXFileReference; lastKnownFileType = sourcecode.swift; path = FirstViewController.swift; sourceTree = "<group>"; };
		EA8208EF280AC602003975F4 /* Base */ = {isa = PBXFileReference; lastKnownFileType = file.storyboard; name = Base; path = Base.lproj/Main.storyboard; sourceTree = "<group>"; };
		EA8208F1280AC604003975F4 /* Assets.xcassets */ = {isa = PBXFileReference; lastKnownFileType = folder.assetcatalog; path = Assets.xcassets; sourceTree = "<group>"; };
		EA8208F4280AC604003975F4 /* Base */ = {isa = PBXFileReference; lastKnownFileType = file.storyboard; name = Base; path = Base.lproj/LaunchScreen.storyboard; sourceTree = "<group>"; };
		EA8208F6280AC604003975F4 /* Info.plist */ = {isa = PBXFileReference; lastKnownFileType = text.plist.xml; path = Info.plist; sourceTree = "<group>"; };
		EA8208FE280AC9D2003975F4 /* SecondViewController.swift */ = {isa = PBXFileReference; lastKnownFileType = sourcecode.swift; path = SecondViewController.swift; sourceTree = "<group>"; };
		EA820900280AC9E0003975F4 /* ThirdViewController.swift */ = {isa = PBXFileReference; lastKnownFileType = sourcecode.swift; path = ThirdViewController.swift; sourceTree = "<group>"; };
		EA820902280AC9FF003975F4 /* FourthViewController.swift */ = {isa = PBXFileReference; lastKnownFileType = sourcecode.swift; path = FourthViewController.swift; sourceTree = "<group>"; };
		EA906315280ACC6100DF43D1 /* Service.swift */ = {isa = PBXFileReference; lastKnownFileType = sourcecode.swift; path = Service.swift; sourceTree = "<group>"; };
		EA906317280ACF4F00DF43D1 /* TrackResponse.swift */ = {isa = PBXFileReference; lastKnownFileType = sourcecode.swift; path = TrackResponse.swift; sourceTree = "<group>"; };
		EA90631B280AD75600DF43D1 /* FirstViewModel.swift */ = {isa = PBXFileReference; lastKnownFileType = sourcecode.swift; path = FirstViewModel.swift; sourceTree = "<group>"; };
		EA90631D280ADA1E00DF43D1 /* Extensions.swift */ = {isa = PBXFileReference; lastKnownFileType = sourcecode.swift; path = Extensions.swift; sourceTree = "<group>"; };
		EA906320280ADDA400DF43D1 /* FirstTableViewCell.swift */ = {isa = PBXFileReference; lastKnownFileType = sourcecode.swift; path = FirstTableViewCell.swift; sourceTree = "<group>"; };
		EA906321280ADDA400DF43D1 /* FirstTableViewCell.xib */ = {isa = PBXFileReference; lastKnownFileType = file.xib; path = FirstTableViewCell.xib; sourceTree = "<group>"; };
		EA906325280AE2EB00DF43D1 /* NavBarView.swift */ = {isa = PBXFileReference; lastKnownFileType = sourcecode.swift; path = NavBarView.swift; sourceTree = "<group>"; };
		EA906327280AE30300DF43D1 /* NavBarView.xib */ = {isa = PBXFileReference; lastKnownFileType = file.xib; path = NavBarView.xib; sourceTree = "<group>"; };
		EA906329280AE64E00DF43D1 /* XibView.swift */ = {isa = PBXFileReference; lastKnownFileType = sourcecode.swift; path = XibView.swift; sourceTree = "<group>"; };
		EA90632B280AEC9000DF43D1 /* SecondViewModel.swift */ = {isa = PBXFileReference; lastKnownFileType = sourcecode.swift; path = SecondViewModel.swift; sourceTree = "<group>"; };
		EA90632D280AF1CB00DF43D1 /* SecondTableViewCell.swift */ = {isa = PBXFileReference; lastKnownFileType = sourcecode.swift; path = SecondTableViewCell.swift; sourceTree = "<group>"; };
		EA90632E280AF1CB00DF43D1 /* SecondTableViewCell.xib */ = {isa = PBXFileReference; lastKnownFileType = file.xib; path = SecondTableViewCell.xib; sourceTree = "<group>"; };
		EA906331280AF50300DF43D1 /* ThirdViewModel.swift */ = {isa = PBXFileReference; lastKnownFileType = sourcecode.swift; path = ThirdViewModel.swift; sourceTree = "<group>"; };
		EA906333280AF78300DF43D1 /* ThirdCollectionViewCell.swift */ = {isa = PBXFileReference; lastKnownFileType = sourcecode.swift; path = ThirdCollectionViewCell.swift; sourceTree = "<group>"; };
		EA906334280AF78300DF43D1 /* ThirdCollectionViewCell.xib */ = {isa = PBXFileReference; lastKnownFileType = file.xib; path = ThirdCollectionViewCell.xib; sourceTree = "<group>"; };
		EA906337280AFF6A00DF43D1 /* FourtViewModel.swift */ = {isa = PBXFileReference; lastKnownFileType = sourcecode.swift; path = FourtViewModel.swift; sourceTree = "<group>"; };
		EA906339280B033A00DF43D1 /* FourthCollectionViewCell.swift */ = {isa = PBXFileReference; lastKnownFileType = sourcecode.swift; path = FourthCollectionViewCell.swift; sourceTree = "<group>"; };
		EA90633A280B033A00DF43D1 /* FourthCollectionViewCell.xib */ = {isa = PBXFileReference; lastKnownFileType = file.xib; path = FourthCollectionViewCell.xib; sourceTree = "<group>"; };
		EA90633D280B170600DF43D1 /* CellCustomView.swift */ = {isa = PBXFileReference; lastKnownFileType = sourcecode.swift; path = CellCustomView.swift; sourceTree = "<group>"; };
		EA90633F280B171200DF43D1 /* CellCustomView.xib */ = {isa = PBXFileReference; lastKnownFileType = file.xib; path = CellCustomView.xib; sourceTree = "<group>"; };
		EA906341280B524300DF43D1 /* Detail.storyboard */ = {isa = PBXFileReference; lastKnownFileType = file.storyboard; path = Detail.storyboard; sourceTree = "<group>"; };
		EA906343280B526800DF43D1 /* DetailViewController.swift */ = {isa = PBXFileReference; lastKnownFileType = sourcecode.swift; path = DetailViewController.swift; sourceTree = "<group>"; };
/* End PBXFileReference section */

/* Begin PBXFrameworksBuildPhase section */
		EA8208E2280AC602003975F4 /* Frameworks */ = {
			isa = PBXFrameworksBuildPhase;
			buildActionMask = 2147483647;
			files = (
				52D56F4A761C4A9A2E807C89 /* Pods_KocSistemDemo.framework in Frameworks */,
			);
			runOnlyForDeploymentPostprocessing = 0;
		};
/* End PBXFrameworksBuildPhase section */

/* Begin PBXGroup section */
		45F515DDFBF5E845DA5D6E3A /* Frameworks */ = {
			isa = PBXGroup;
			children = (
				E0BBE9BD3DE75EEDEF7558ED /* Pods_KocSistemDemo.framework */,
			);
			name = Frameworks;
			sourceTree = "<group>";
		};
		5D631A001C9C8A2A20DB9E05 /* Pods */ = {
			isa = PBXGroup;
			children = (
				B5C087FD1BC14CA7EC0541B4 /* Pods-KocSistemDemo.debug.xcconfig */,
				E3A0C92E05FBD034B5B59DBF /* Pods-KocSistemDemo.release.xcconfig */,
			);
			path = Pods;
			sourceTree = "<group>";
		};
		EA4D9188280CB94D003E7928 /* Resources */ = {
			isa = PBXGroup;
			children = (
				EA90631D280ADA1E00DF43D1 /* Extensions.swift */,
				EA906329280AE64E00DF43D1 /* XibView.swift */,
				EA8208E8280AC602003975F4 /* AppDelegate.swift */,
				EA8208EA280AC602003975F4 /* SceneDelegate.swift */,
				EA8208F1280AC604003975F4 /* Assets.xcassets */,
			);
			path = Resources;
			sourceTree = "<group>";
		};
		EA8208DC280AC602003975F4 = {
			isa = PBXGroup;
			children = (
				EA8208E7280AC602003975F4 /* KocSistemDemo */,
				EA8208E6280AC602003975F4 /* Products */,
				5D631A001C9C8A2A20DB9E05 /* Pods */,
				45F515DDFBF5E845DA5D6E3A /* Frameworks */,
			);
			sourceTree = "<group>";
		};
		EA8208E6280AC602003975F4 /* Products */ = {
			isa = PBXGroup;
			children = (
				EA8208E5280AC602003975F4 /* KocSistemDemo.app */,
			);
			name = Products;
			sourceTree = "<group>";
		};
		EA8208E7280AC602003975F4 /* KocSistemDemo */ = {
			isa = PBXGroup;
			children = (
				EA4D9188280CB94D003E7928 /* Resources */,
				EA906313280ACC4A00DF43D1 /* Model */,
				EA906314280ACC5200DF43D1 /* Service */,
				EA8208FC280AC9AA003975F4 /* ViewControllers */,
				EA90631A280AD73800DF43D1 /* ViewModels */,
				EA90631F280ADD8500DF43D1 /* Cells */,
				EA906324280AE2D600DF43D1 /* CustomViews */,
				EA8208FD280AC9B8003975F4 /* Storyboards */,
				EA8208F6280AC604003975F4 /* Info.plist */,
			);
			path = KocSistemDemo;
			sourceTree = "<group>";
		};
		EA8208FC280AC9AA003975F4 /* ViewControllers */ = {
			isa = PBXGroup;
			children = (
				EA8208EC280AC602003975F4 /* FirstViewController.swift */,
				EA8208FE280AC9D2003975F4 /* SecondViewController.swift */,
				EA820900280AC9E0003975F4 /* ThirdViewController.swift */,
				EA820902280AC9FF003975F4 /* FourthViewController.swift */,
				EA906343280B526800DF43D1 /* DetailViewController.swift */,
			);
			path = ViewControllers;
			sourceTree = "<group>";
		};
		EA8208FD280AC9B8003975F4 /* Storyboards */ = {
			isa = PBXGroup;
			children = (
				EA8208EE280AC602003975F4 /* Main.storyboard */,
				EA906341280B524300DF43D1 /* Detail.storyboard */,
				EA8208F3280AC604003975F4 /* LaunchScreen.storyboard */,
			);
			path = Storyboards;
			sourceTree = "<group>";
		};
		EA906313280ACC4A00DF43D1 /* Model */ = {
			isa = PBXGroup;
			children = (
				EA906317280ACF4F00DF43D1 /* TrackResponse.swift */,
			);
			path = Model;
			sourceTree = "<group>";
		};
		EA906314280ACC5200DF43D1 /* Service */ = {
			isa = PBXGroup;
			children = (
				EA906315280ACC6100DF43D1 /* Service.swift */,
			);
			path = Service;
			sourceTree = "<group>";
		};
		EA90631A280AD73800DF43D1 /* ViewModels */ = {
			isa = PBXGroup;
			children = (
				EA90631B280AD75600DF43D1 /* FirstViewModel.swift */,
				EA90632B280AEC9000DF43D1 /* SecondViewModel.swift */,
				EA906331280AF50300DF43D1 /* ThirdViewModel.swift */,
				EA906337280AFF6A00DF43D1 /* FourtViewModel.swift */,
			);
			path = ViewModels;
			sourceTree = "<group>";
		};
		EA90631F280ADD8500DF43D1 /* Cells */ = {
			isa = PBXGroup;
			children = (
				EA906320280ADDA400DF43D1 /* FirstTableViewCell.swift */,
				EA906321280ADDA400DF43D1 /* FirstTableViewCell.xib */,
				EA90632D280AF1CB00DF43D1 /* SecondTableViewCell.swift */,
				EA90632E280AF1CB00DF43D1 /* SecondTableViewCell.xib */,
				EA906333280AF78300DF43D1 /* ThirdCollectionViewCell.swift */,
				EA906334280AF78300DF43D1 /* ThirdCollectionViewCell.xib */,
				EA906339280B033A00DF43D1 /* FourthCollectionViewCell.swift */,
				EA90633A280B033A00DF43D1 /* FourthCollectionViewCell.xib */,
			);
			path = Cells;
			sourceTree = "<group>";
		};
		EA906324280AE2D600DF43D1 /* CustomViews */ = {
			isa = PBXGroup;
			children = (
				EA906325280AE2EB00DF43D1 /* NavBarView.swift */,
				EA906327280AE30300DF43D1 /* NavBarView.xib */,
				EA90633D280B170600DF43D1 /* CellCustomView.swift */,
				EA90633F280B171200DF43D1 /* CellCustomView.xib */,
			);
			path = CustomViews;
			sourceTree = "<group>";
		};
/* End PBXGroup section */

/* Begin PBXNativeTarget section */
		EA8208E4280AC602003975F4 /* KocSistemDemo */ = {
			isa = PBXNativeTarget;
			buildConfigurationList = EA8208F9280AC604003975F4 /* Build configuration list for PBXNativeTarget "KocSistemDemo" */;
			buildPhases = (
				9AC11B00781FBA2EC56CC723 /* [CP] Check Pods Manifest.lock */,
				EA8208E1280AC602003975F4 /* Sources */,
				EA8208E2280AC602003975F4 /* Frameworks */,
				EA8208E3280AC602003975F4 /* Resources */,
				99943731D295F17189FB2E17 /* [CP] Embed Pods Frameworks */,
			);
			buildRules = (
			);
			dependencies = (
			);
			name = KocSistemDemo;
			productName = KocSistemDemo;
			productReference = EA8208E5280AC602003975F4 /* KocSistemDemo.app */;
			productType = "com.apple.product-type.application";
		};
/* End PBXNativeTarget section */

/* Begin PBXProject section */
		EA8208DD280AC602003975F4 /* Project object */ = {
			isa = PBXProject;
			attributes = {
				BuildIndependentTargetsInParallel = 1;
				LastSwiftUpdateCheck = 1320;
				LastUpgradeCheck = 1320;
				TargetAttributes = {
					EA8208E4280AC602003975F4 = {
						CreatedOnToolsVersion = 13.2.1;
					};
				};
			};
			buildConfigurationList = EA8208E0280AC602003975F4 /* Build configuration list for PBXProject "KocSistemDemo" */;
			compatibilityVersion = "Xcode 13.0";
			developmentRegion = en;
			hasScannedForEncodings = 0;
			knownRegions = (
				en,
				Base,
			);
			mainGroup = EA8208DC280AC602003975F4;
			productRefGroup = EA8208E6280AC602003975F4 /* Products */;
			projectDirPath = "";
			projectRoot = "";
			targets = (
				EA8208E4280AC602003975F4 /* KocSistemDemo */,
			);
		};
/* End PBXProject section */

/* Begin PBXResourcesBuildPhase section */
		EA8208E3280AC602003975F4 /* Resources */ = {
			isa = PBXResourcesBuildPhase;
			buildActionMask = 2147483647;
			files = (
				EA906340280B171200DF43D1 /* CellCustomView.xib in Resources */,
				EA8208F5280AC604003975F4 /* LaunchScreen.storyboard in Resources */,
				EA906330280AF1CC00DF43D1 /* SecondTableViewCell.xib in Resources */,
				EA906342280B524300DF43D1 /* Detail.storyboard in Resources */,
				EA8208F2280AC604003975F4 /* Assets.xcassets in Resources */,
				EA906323280ADDA400DF43D1 /* FirstTableViewCell.xib in Resources */,
				EA90633C280B033A00DF43D1 /* FourthCollectionViewCell.xib in Resources */,
				EA906336280AF78300DF43D1 /* ThirdCollectionViewCell.xib in Resources */,
				EA8208F0280AC602003975F4 /* Main.storyboard in Resources */,
				EA906328280AE30300DF43D1 /* NavBarView.xib in Resources */,
			);
			runOnlyForDeploymentPostprocessing = 0;
		};
/* End PBXResourcesBuildPhase section */

/* Begin PBXShellScriptBuildPhase section */
		99943731D295F17189FB2E17 /* [CP] Embed Pods Frameworks */ = {
			isa = PBXShellScriptBuildPhase;
			buildActionMask = 2147483647;
			files = (
			);
			inputFileListPaths = (
				"${PODS_ROOT}/Target Support Files/Pods-KocSistemDemo/Pods-KocSistemDemo-frameworks-${CONFIGURATION}-input-files.xcfilelist",
			);
			name = "[CP] Embed Pods Frameworks";
			outputFileListPaths = (
				"${PODS_ROOT}/Target Support Files/Pods-KocSistemDemo/Pods-KocSistemDemo-frameworks-${CONFIGURATION}-output-files.xcfilelist",
			);
			runOnlyForDeploymentPostprocessing = 0;
			shellPath = /bin/sh;
			shellScript = "\"${PODS_ROOT}/Target Support Files/Pods-KocSistemDemo/Pods-KocSistemDemo-frameworks.sh\"\n";
			showEnvVarsInLog = 0;
		};
		9AC11B00781FBA2EC56CC723 /* [CP] Check Pods Manifest.lock */ = {
			isa = PBXShellScriptBuildPhase;
			buildActionMask = 2147483647;
			files = (
			);
			inputFileListPaths = (
			);
			inputPaths = (
				"${PODS_PODFILE_DIR_PATH}/Podfile.lock",
				"${PODS_ROOT}/Manifest.lock",
			);
			name = "[CP] Check Pods Manifest.lock";
			outputFileListPaths = (
			);
			outputPaths = (
				"$(DERIVED_FILE_DIR)/Pods-KocSistemDemo-checkManifestLockResult.txt",
			);
			runOnlyForDeploymentPostprocessing = 0;
			shellPath = /bin/sh;
			shellScript = "diff \"${PODS_PODFILE_DIR_PATH}/Podfile.lock\" \"${PODS_ROOT}/Manifest.lock\" > /dev/null\nif [ $? != 0 ] ; then\n    # print error to STDERR\n    echo \"error: The sandbox is not in sync with the Podfile.lock. Run 'pod install' or update your CocoaPods installation.\" >&2\n    exit 1\nfi\n# This output is used by Xcode 'outputs' to avoid re-running this script phase.\necho \"SUCCESS\" > \"${SCRIPT_OUTPUT_FILE_0}\"\n";
			showEnvVarsInLog = 0;
		};
/* End PBXShellScriptBuildPhase section */

/* Begin PBXSourcesBuildPhase section */
		EA8208E1280AC602003975F4 /* Sources */ = {
			isa = PBXSourcesBuildPhase;
			buildActionMask = 2147483647;
			files = (
				EA90632C280AEC9000DF43D1 /* SecondViewModel.swift in Sources */,
				EA820903280AC9FF003975F4 /* FourthViewController.swift in Sources */,
				EA906316280ACC6100DF43D1 /* Service.swift in Sources */,
				EA906318280ACF4F00DF43D1 /* TrackResponse.swift in Sources */,
				EA8208FF280AC9D2003975F4 /* SecondViewController.swift in Sources */,
				EA90633B280B033A00DF43D1 /* FourthCollectionViewCell.swift in Sources */,
				EA906344280B526800DF43D1 /* DetailViewController.swift in Sources */,
				EA906326280AE2EB00DF43D1 /* NavBarView.swift in Sources */,
				EA906332280AF50300DF43D1 /* ThirdViewModel.swift in Sources */,
				EA906335280AF78300DF43D1 /* ThirdCollectionViewCell.swift in Sources */,
				EA90633E280B170600DF43D1 /* CellCustomView.swift in Sources */,
				EA8208ED280AC602003975F4 /* FirstViewController.swift in Sources */,
				EA90631E280ADA1E00DF43D1 /* Extensions.swift in Sources */,
				EA820901280AC9E0003975F4 /* ThirdViewController.swift in Sources */,
				EA906338280AFF6A00DF43D1 /* FourtViewModel.swift in Sources */,
				EA8208E9280AC602003975F4 /* AppDelegate.swift in Sources */,
				EA90632A280AE64E00DF43D1 /* XibView.swift in Sources */,
				EA90632F280AF1CC00DF43D1 /* SecondTableViewCell.swift in Sources */,
				EA906322280ADDA400DF43D1 /* FirstTableViewCell.swift in Sources */,
				EA90631C280AD75700DF43D1 /* FirstViewModel.swift in Sources */,
				EA8208EB280AC602003975F4 /* SceneDelegate.swift in Sources */,
			);
			runOnlyForDeploymentPostprocessing = 0;
		};
/* End PBXSourcesBuildPhase section */

/* Begin PBXVariantGroup section */
		EA8208EE280AC602003975F4 /* Main.storyboard */ = {
			isa = PBXVariantGroup;
			children = (
				EA8208EF280AC602003975F4 /* Base */,
			);
			name = Main.storyboard;
			sourceTree = "<group>";
		};
		EA8208F3280AC604003975F4 /* LaunchScreen.storyboard */ = {
			isa = PBXVariantGroup;
			children = (
				EA8208F4280AC604003975F4 /* Base */,
			);
			name = LaunchScreen.storyboard;
			sourceTree = "<group>";
		};
/* End PBXVariantGroup section */

/* Begin XCBuildConfiguration section */
		EA8208F7280AC604003975F4 /* Debug */ = {
			isa = XCBuildConfiguration;
			buildSettings = {
				ALWAYS_SEARCH_USER_PATHS = NO;
				CLANG_ANALYZER_NONNULL = YES;
				CLANG_ANALYZER_NUMBER_OBJECT_CONVERSION = YES_AGGRESSIVE;
				CLANG_CXX_LANGUAGE_STANDARD = "gnu++17";
				CLANG_CXX_LIBRARY = "libc++";
				CLANG_ENABLE_MODULES = YES;
				CLANG_ENABLE_OBJC_ARC = YES;
				CLANG_ENABLE_OBJC_WEAK = YES;
				CLANG_WARN_BLOCK_CAPTURE_AUTORELEASING = YES;
				CLANG_WARN_BOOL_CONVERSION = YES;
				CLANG_WARN_COMMA = YES;
				CLANG_WARN_CONSTANT_CONVERSION = YES;
				CLANG_WARN_DEPRECATED_OBJC_IMPLEMENTATIONS = YES;
				CLANG_WARN_DIRECT_OBJC_ISA_USAGE = YES_ERROR;
				CLANG_WARN_DOCUMENTATION_COMMENTS = YES;
				CLANG_WARN_EMPTY_BODY = YES;
				CLANG_WARN_ENUM_CONVERSION = YES;
				CLANG_WARN_INFINITE_RECURSION = YES;
				CLANG_WARN_INT_CONVERSION = YES;
				CLANG_WARN_NON_LITERAL_NULL_CONVERSION = YES;
				CLANG_WARN_OBJC_IMPLICIT_RETAIN_SELF = YES;
				CLANG_WARN_OBJC_LITERAL_CONVERSION = YES;
				CLANG_WARN_OBJC_ROOT_CLASS = YES_ERROR;
				CLANG_WARN_QUOTED_INCLUDE_IN_FRAMEWORK_HEADER = YES;
				CLANG_WARN_RANGE_LOOP_ANALYSIS = YES;
				CLANG_WARN_STRICT_PROTOTYPES = YES;
				CLANG_WARN_SUSPICIOUS_MOVE = YES;
				CLANG_WARN_UNGUARDED_AVAILABILITY = YES_AGGRESSIVE;
				CLANG_WARN_UNREACHABLE_CODE = YES;
				CLANG_WARN__DUPLICATE_METHOD_MATCH = YES;
				COPY_PHASE_STRIP = NO;
				DEBUG_INFORMATION_FORMAT = dwarf;
				ENABLE_STRICT_OBJC_MSGSEND = YES;
				ENABLE_TESTABILITY = YES;
				GCC_C_LANGUAGE_STANDARD = gnu11;
				GCC_DYNAMIC_NO_PIC = NO;
				GCC_NO_COMMON_BLOCKS = YES;
				GCC_OPTIMIZATION_LEVEL = 0;
				GCC_PREPROCESSOR_DEFINITIONS = (
					"DEBUG=1",
					"$(inherited)",
				);
				GCC_WARN_64_TO_32_BIT_CONVERSION = YES;
				GCC_WARN_ABOUT_RETURN_TYPE = YES_ERROR;
				GCC_WARN_UNDECLARED_SELECTOR = YES;
				GCC_WARN_UNINITIALIZED_AUTOS = YES_AGGRESSIVE;
				GCC_WARN_UNUSED_FUNCTION = YES;
				GCC_WARN_UNUSED_VARIABLE = YES;
				IPHONEOS_DEPLOYMENT_TARGET = 15.2;
				MTL_ENABLE_DEBUG_INFO = INCLUDE_SOURCE;
				MTL_FAST_MATH = YES;
				ONLY_ACTIVE_ARCH = YES;
				SDKROOT = iphoneos;
				SWIFT_ACTIVE_COMPILATION_CONDITIONS = DEBUG;
				SWIFT_OPTIMIZATION_LEVEL = "-Onone";
			};
			name = Debug;
		};
		EA8208F8280AC604003975F4 /* Release */ = {
			isa = XCBuildConfiguration;
			buildSettings = {
				ALWAYS_SEARCH_USER_PATHS = NO;
				CLANG_ANALYZER_NONNULL = YES;
				CLANG_ANALYZER_NUMBER_OBJECT_CONVERSION = YES_AGGRESSIVE;
				CLANG_CXX_LANGUAGE_STANDARD = "gnu++17";
				CLANG_CXX_LIBRARY = "libc++";
				CLANG_ENABLE_MODULES = YES;
				CLANG_ENABLE_OBJC_ARC = YES;
				CLANG_ENABLE_OBJC_WEAK = YES;
				CLANG_WARN_BLOCK_CAPTURE_AUTORELEASING = YES;
				CLANG_WARN_BOOL_CONVERSION = YES;
				CLANG_WARN_COMMA = YES;
				CLANG_WARN_CONSTANT_CONVERSION = YES;
				CLANG_WARN_DEPRECATED_OBJC_IMPLEMENTATIONS = YES;
				CLANG_WARN_DIRECT_OBJC_ISA_USAGE = YES_ERROR;
				CLANG_WARN_DOCUMENTATION_COMMENTS = YES;
				CLANG_WARN_EMPTY_BODY = YES;
				CLANG_WARN_ENUM_CONVERSION = YES;
				CLANG_WARN_INFINITE_RECURSION = YES;
				CLANG_WARN_INT_CONVERSION = YES;
				CLANG_WARN_NON_LITERAL_NULL_CONVERSION = YES;
				CLANG_WARN_OBJC_IMPLICIT_RETAIN_SELF = YES;
				CLANG_WARN_OBJC_LITERAL_CONVERSION = YES;
				CLANG_WARN_OBJC_ROOT_CLASS = YES_ERROR;
				CLANG_WARN_QUOTED_INCLUDE_IN_FRAMEWORK_HEADER = YES;
				CLANG_WARN_RANGE_LOOP_ANALYSIS = YES;
				CLANG_WARN_STRICT_PROTOTYPES = YES;
				CLANG_WARN_SUSPICIOUS_MOVE = YES;
				CLANG_WARN_UNGUARDED_AVAILABILITY = YES_AGGRESSIVE;
				CLANG_WARN_UNREACHABLE_CODE = YES;
				CLANG_WARN__DUPLICATE_METHOD_MATCH = YES;
				COPY_PHASE_STRIP = NO;
				DEBUG_INFORMATION_FORMAT = "dwarf-with-dsym";
				ENABLE_NS_ASSERTIONS = NO;
				ENABLE_STRICT_OBJC_MSGSEND = YES;
				GCC_C_LANGUAGE_STANDARD = gnu11;
				GCC_NO_COMMON_BLOCKS = YES;
				GCC_WARN_64_TO_32_BIT_CONVERSION = YES;
				GCC_WARN_ABOUT_RETURN_TYPE = YES_ERROR;
				GCC_WARN_UNDECLARED_SELECTOR = YES;
				GCC_WARN_UNINITIALIZED_AUTOS = YES_AGGRESSIVE;
				GCC_WARN_UNUSED_FUNCTION = YES;
				GCC_WARN_UNUSED_VARIABLE = YES;
				IPHONEOS_DEPLOYMENT_TARGET = 15.2;
				MTL_ENABLE_DEBUG_INFO = NO;
				MTL_FAST_MATH = YES;
				SDKROOT = iphoneos;
				SWIFT_COMPILATION_MODE = wholemodule;
				SWIFT_OPTIMIZATION_LEVEL = "-O";
				VALIDATE_PRODUCT = YES;
			};
			name = Release;
		};
		EA8208FA280AC604003975F4 /* Debug */ = {
			isa = XCBuildConfiguration;
			baseConfigurationReference = B5C087FD1BC14CA7EC0541B4 /* Pods-KocSistemDemo.debug.xcconfig */;
			buildSettings = {
				ASSETCATALOG_COMPILER_APPICON_NAME = AppIcon;
				ASSETCATALOG_COMPILER_GLOBAL_ACCENT_COLOR_NAME = AccentColor;
				CODE_SIGN_STYLE = Automatic;
				CURRENT_PROJECT_VERSION = 1;
				DEVELOPMENT_TEAM = 8WMHQ3J6DZ;
				GENERATE_INFOPLIST_FILE = YES;
				INFOPLIST_FILE = KocSistemDemo/Info.plist;
				INFOPLIST_KEY_UIApplicationSupportsIndirectInputEvents = YES;
				INFOPLIST_KEY_UILaunchStoryboardName = LaunchScreen;
				INFOPLIST_KEY_UIMainStoryboardFile = Main;
				INFOPLIST_KEY_UISupportedInterfaceOrientations_iPad = "UIInterfaceOrientationPortrait UIInterfaceOrientationPortraitUpsideDown UIInterfaceOrientationLandscapeLeft UIInterfaceOrientationLandscapeRight";
				INFOPLIST_KEY_UISupportedInterfaceOrientations_iPhone = "UIInterfaceOrientationPortrait UIInterfaceOrientationLandscapeLeft UIInterfaceOrientationLandscapeRight";
				LD_RUNPATH_SEARCH_PATHS = (
					"$(inherited)",
					"@executable_path/Frameworks",
				);
				MARKETING_VERSION = 1.0;
				PRODUCT_BUNDLE_IDENTIFIER = ekremozkaraca.KocSistemDemo;
				PRODUCT_NAME = "$(TARGET_NAME)";
				SWIFT_EMIT_LOC_STRINGS = YES;
				SWIFT_VERSION = 5.0;
				TARGETED_DEVICE_FAMILY = "1,2";
			};
			name = Debug;
		};
		EA8208FB280AC604003975F4 /* Release */ = {
			isa = XCBuildConfiguration;
			baseConfigurationReference = E3A0C92E05FBD034B5B59DBF /* Pods-KocSistemDemo.release.xcconfig */;
			buildSettings = {
				ASSETCATALOG_COMPILER_APPICON_NAME = AppIcon;
				ASSETCATALOG_COMPILER_GLOBAL_ACCENT_COLOR_NAME = AccentColor;
				CODE_SIGN_STYLE = Automatic;
				CURRENT_PROJECT_VERSION = 1;
				DEVELOPMENT_TEAM = 8WMHQ3J6DZ;
				GENERATE_INFOPLIST_FILE = YES;
				INFOPLIST_FILE = KocSistemDemo/Info.plist;
				INFOPLIST_KEY_UIApplicationSupportsIndirectInputEvents = YES;
				INFOPLIST_KEY_UILaunchStoryboardName = LaunchScreen;
				INFOPLIST_KEY_UIMainStoryboardFile = Main;
				INFOPLIST_KEY_UISupportedInterfaceOrientations_iPad = "UIInterfaceOrientationPortrait UIInterfaceOrientationPortraitUpsideDown UIInterfaceOrientationLandscapeLeft UIInterfaceOrientationLandscapeRight";
				INFOPLIST_KEY_UISupportedInterfaceOrientations_iPhone = "UIInterfaceOrientationPortrait UIInterfaceOrientationLandscapeLeft UIInterfaceOrientationLandscapeRight";
				LD_RUNPATH_SEARCH_PATHS = (
					"$(inherited)",
					"@executable_path/Frameworks",
				);
				MARKETING_VERSION = 1.0;
				PRODUCT_BUNDLE_IDENTIFIER = ekremozkaraca.KocSistemDemo;
				PRODUCT_NAME = "$(TARGET_NAME)";
				SWIFT_EMIT_LOC_STRINGS = YES;
				SWIFT_VERSION = 5.0;
				TARGETED_DEVICE_FAMILY = "1,2";
			};
			name = Release;
		};
/* End XCBuildConfiguration section */

/* Begin XCConfigurationList section */
		EA8208E0280AC602003975F4 /* Build configuration list for PBXProject "KocSistemDemo" */ = {
			isa = XCConfigurationList;
			buildConfigurations = (
				EA8208F7280AC604003975F4 /* Debug */,
				EA8208F8280AC604003975F4 /* Release */,
			);
			defaultConfigurationIsVisible = 0;
			defaultConfigurationName = Release;
		};
		EA8208F9280AC604003975F4 /* Build configuration list for PBXNativeTarget "KocSistemDemo" */ = {
			isa = XCConfigurationList;
			buildConfigurations = (
				EA8208FA280AC604003975F4 /* Debug */,
				EA8208FB280AC604003975F4 /* Release */,
			);
			defaultConfigurationIsVisible = 0;
			defaultConfigurationName = Release;
		};
/* End XCConfigurationList section */
	};
	rootObject = EA8208DD280AC602003975F4 /* Project object */;
}
